
Microsoft Visual Studio Solution File, Format Version 12.00
# Visual Studio Version 16
VisualStudioVersion = 16.0.30804.86
MinimumVisualStudioVersion = 10.0.40219.1
Project("{9A19103F-16F7-4668-BE54-9A1E7A4F7556}") = "web", "web.csproj", "{864CE0B8-88F8-4D1F-8A40-AB6CEAF59585}"
EndProject
Global
	GlobalSection(SolutionConfigurationPlatforms) = preSolution
		Debug|Any CPU = Debug|Any CPU
		Release|Any CPU = Release|Any CPU
	EndGlobalSection
	GlobalSection(ProjectConfigurationPlatforms) = postSolution
		{864CE0B8-88F8-4D1F-8A40-AB6CEAF59585}.Debug|Any CPU.ActiveCfg = Debug|Any CPU
		{864CE0B8-88F8-4D1F-8A40-AB6CEAF59585}.Debug|Any CPU.Build.0 = Debug|Any CPU
		{864CE0B8-88F8-4D1F-8A40-AB6CEAF59585}.Release|Any CPU.ActiveCfg = Release|Any CPU
		{864CE0B8-88F8-4D1F-8A40-AB6CEAF59585}.Release|Any CPU.Build.0 = Release|Any CPU
	EndGlobalSection
	GlobalSection(SolutionProperties) = preSolution
		HideSolutionNode = FALSE
	EndGlobalSection
	GlobalSection(ExtensibilityGlobals) = postSolution
		SolutionGuid = {18F8822C-BF6C-45F6-B187-145C305ABE20}
	EndGlobalSection
EndGlobal
